
Microsoft Visual Studio Solution File, Format Version 12.00
# Visual Studio 2012
Project("{8BC9CEB8-8B4A-11D0-8D11-00A0C91BC942}") = "Unipen", "Unipen\Unipen.vcxproj", "{C26F770C-52C3-4A06-9D93-BFA8DD7F02AA}"
EndProject
Global
	GlobalSection(SolutionConfigurationPlatforms) = preSolution
		Debug|Win32 = Debug|Win32
		Release|Win32 = Release|Win32
	EndGlobalSection
	GlobalSection(ProjectConfigurationPlatforms) = postSolution
		{C26F770C-52C3-4A06-9D93-BFA8DD7F02AA}.Debug|Win32.ActiveCfg = Debug|Win32
		{C26F770C-52C3-4A06-9D93-BFA8DD7F02AA}.Debug|Win32.Build.0 = Debug|Win32
		{C26F770C-52C3-4A06-9D93-BFA8DD7F02AA}.Release|Win32.ActiveCfg = Release|Win32
		{C26F770C-52C3-4A06-9D93-BFA8DD7F02AA}.Release|Win32.Build.0 = Release|Win32
	EndGlobalSection
	GlobalSection(SolutionProperties) = preSolution
		HideSolutionNode = FALSE
	EndGlobalSection
EndGlobal
