
Microsoft Visual Studio Solution File, Format Version 12.00
# Visual Studio 2012
Project("{8BC9CEB8-8B4A-11D0-8D11-00A0C91BC942}") = "SimpleWindow", "SimpleWindow\SimpleWindow.vcxproj", "{73DFAEEB-A540-4E6C-A008-64C5E36B449D}"
EndProject
Project("{8BC9CEB8-8B4A-11D0-8D11-00A0C91BC942}") = "AdjustWindow", "AdjustWindow\AdjustWindow.vcxproj", "{0F012C3D-D3EA-4A51-A940-EE74C62632E5}"
EndProject
Project("{8BC9CEB8-8B4A-11D0-8D11-00A0C91BC942}") = "ControlWindow", "ControlWindow\ControlWindow.vcxproj", "{B3D4EA93-9991-46B0-924F-6C43E52E31DE}"
EndProject
Project("{8BC9CEB8-8B4A-11D0-8D11-00A0C91BC942}") = "SimpleMessageBox", "SimpleMessageBox\SimpleMessageBox.vcxproj", "{55E9C9E7-2879-4517-BDFF-19B3B91B2772}"
EndProject
Global
	GlobalSection(SolutionConfigurationPlatforms) = preSolution
		Debug|Win32 = Debug|Win32
		Release|Win32 = Release|Win32
	EndGlobalSection
	GlobalSection(ProjectConfigurationPlatforms) = postSolution
		{73DFAEEB-A540-4E6C-A008-64C5E36B449D}.Debug|Win32.ActiveCfg = Debug|Win32
		{73DFAEEB-A540-4E6C-A008-64C5E36B449D}.Debug|Win32.Build.0 = Debug|Win32
		{73DFAEEB-A540-4E6C-A008-64C5E36B449D}.Release|Win32.ActiveCfg = Release|Win32
		{73DFAEEB-A540-4E6C-A008-64C5E36B449D}.Release|Win32.Build.0 = Release|Win32
		{0F012C3D-D3EA-4A51-A940-EE74C62632E5}.Debug|Win32.ActiveCfg = Debug|Win32
		{0F012C3D-D3EA-4A51-A940-EE74C62632E5}.Debug|Win32.Build.0 = Debug|Win32
		{0F012C3D-D3EA-4A51-A940-EE74C62632E5}.Release|Win32.ActiveCfg = Release|Win32
		{0F012C3D-D3EA-4A51-A940-EE74C62632E5}.Release|Win32.Build.0 = Release|Win32
		{B3D4EA93-9991-46B0-924F-6C43E52E31DE}.Debug|Win32.ActiveCfg = Debug|Win32
		{B3D4EA93-9991-46B0-924F-6C43E52E31DE}.Debug|Win32.Build.0 = Debug|Win32
		{B3D4EA93-9991-46B0-924F-6C43E52E31DE}.Release|Win32.ActiveCfg = Release|Win32
		{B3D4EA93-9991-46B0-924F-6C43E52E31DE}.Release|Win32.Build.0 = Release|Win32
		{55E9C9E7-2879-4517-BDFF-19B3B91B2772}.Debug|Win32.ActiveCfg = Debug|Win32
		{55E9C9E7-2879-4517-BDFF-19B3B91B2772}.Debug|Win32.Build.0 = Debug|Win32
		{55E9C9E7-2879-4517-BDFF-19B3B91B2772}.Release|Win32.ActiveCfg = Release|Win32
		{55E9C9E7-2879-4517-BDFF-19B3B91B2772}.Release|Win32.Build.0 = Release|Win32
	EndGlobalSection
	GlobalSection(SolutionProperties) = preSolution
		HideSolutionNode = FALSE
	EndGlobalSection
EndGlobal
