<?xml version="1.0" encoding="utf-8"?>
<Project ToolsVersion="4.0" xmlns="http://schemas.microsoft.com/developer/msbuild/2003">
  <ItemGroup>
    <Filter Include="소스 파일">
      <UniqueIdentifier>{4FC737F1-C7A5-4376-A066-2A32D752A2FF}</UniqueIdentifier>
      <Extensions>cpp;c;cc;cxx;def;odl;idl;hpj;bat;asm;asmx</Extensions>
    </Filter>
    <Filter Include="헤더 파일">
      <UniqueIdentifier>{93995380-89BD-4b04-88EB-625FBE52EBFB}</UniqueIdentifier>
      <Extensions>h;hpp;hxx;hm;inl;inc;xsd</Extensions>
    </Filter>
    <Filter Include="리소스 파일">
      <UniqueIdentifier>{67DA6AB6-F800-4c08-8B7A-83BB121AAD01}</UniqueIdentifier>
      <Extensions>rc;ico;cur;bmp;dlg;rc2;rct;bin;rgs;gif;jpg;jpeg;jpe;resx;tiff;tif;png;wav;mfcribbon-ms</Extensions>
    </Filter>
    <Filter Include="Math &amp; Physics">
      <UniqueIdentifier>{d0d8a871-7d88-4993-bc27-88b656f92d60}</UniqueIdentifier>
    </Filter>
    <Filter Include="Computer Graphics">
      <UniqueIdentifier>{8dc418d0-bfeb-450c-bc9b-bdbd3eb798df}</UniqueIdentifier>
    </Filter>
    <Filter Include="Computer Graphics\Window">
      <UniqueIdentifier>{d188ee79-73d2-4d62-999b-d2a8fa245e93}</UniqueIdentifier>
    </Filter>
    <Filter Include="Computer Graphics\Managers">
      <UniqueIdentifier>{fab70982-4b40-4abe-b5be-f10113d1d3d5}</UniqueIdentifier>
    </Filter>
    <Filter Include="Computer Graphics\Resources">
      <UniqueIdentifier>{124d3a19-fdc4-4fe1-847c-ddf87d213222}</UniqueIdentifier>
    </Filter>
  </ItemGroup>
  <ItemGroup>
    <ClInclude Include="Entity.h">
      <Filter>헤더 파일</Filter>
    </ClInclude>
    <ClInclude Include="BitmapManager.h">
      <Filter>Computer Graphics\Managers</Filter>
    </ClInclude>
    <ClInclude Include="FontManager.h">
      <Filter>Computer Graphics\Managers</Filter>
    </ClInclude>
    <ClInclude Include="SoundManager.h">
      <Filter>Computer Graphics\Managers</Filter>
    </ClInclude>
    <ClInclude Include="Bitmap.h">
      <Filter>Computer Graphics\Resources</Filter>
    </ClInclude>
    <ClInclude Include="Window.h">
      <Filter>Computer Graphics\Window</Filter>
    </ClInclude>
    <ClInclude Include="Maths.hpp">
      <Filter>Math &amp; Physics</Filter>
    </ClInclude>
    <ClInclude Include="maths.h">
      <Filter>Math &amp; Physics</Filter>
    </ClInclude>
    <ClInclude Include="Polar.h">
      <Filter>Math &amp; Physics</Filter>
    </ClInclude>
    <ClInclude Include="Units.h">
      <Filter>Math &amp; Physics</Filter>
    </ClInclude>
    <ClInclude Include="Vector2.h">
      <Filter>Math &amp; Physics</Filter>
    </ClInclude>
    <ClInclude Include="Vector2.hpp">
      <Filter>Math &amp; Physics</Filter>
    </ClInclude>
    <ClInclude Include="Font.h">
      <Filter>Computer Graphics\Resources</Filter>
    </ClInclude>
    <ClInclude Include="SoundBuffer.h">
      <Filter>Computer Graphics\Resources</Filter>
    </ClInclude>
  </ItemGroup>
  <ItemGroup>
    <ClCompile Include="main.cpp">
      <Filter>소스 파일</Filter>
    </ClCompile>
    <ClCompile Include="FontManager.cpp">
      <Filter>Computer Graphics\Managers</Filter>
    </ClCompile>
    <ClCompile Include="BitmapManager.cpp">
      <Filter>Computer Graphics\Managers</Filter>
    </ClCompile>
    <ClCompile Include="Bitmap.cpp">
      <Filter>Computer Graphics\Resources</Filter>
    </ClCompile>
    <ClCompile Include="Window.cpp">
      <Filter>Computer Graphics\Window</Filter>
    </ClCompile>
    <ClCompile Include="SoundManager.cpp">
      <Filter>Computer Graphics\Managers</Filter>
    </ClCompile>
    <ClCompile Include="Font.cpp">
      <Filter>Computer Graphics\Resources</Filter>
    </ClCompile>
  </ItemGroup>
</Project>